
Microsoft Visual Studio Solution File, Format Version 12.00
# Visual Studio Version 16
VisualStudioVersion = 16.0.30002.166
MinimumVisualStudioVersion = 10.0.40219.1
Project("{FAE04EC0-301F-11D3-BF4B-00C04F79EFBC}") = "SetInjectionFlagPlugin", "Mods\SetInjectionFlag\SetInjectionFlagPlugin\SetInjectionFlagPlugin.csproj", "{4E4DEB5E-97F9-4901-BF67-6748A9C1229A}"
EndProject
Project("{FAE04EC0-301F-11D3-BF4B-00C04F79EFBC}") = "RForRotatePlugin", "Mods\RForRotate\RForRotatePlugin\RForRotatePlugin.csproj", "{B1D07128-5C44-4003-B05F-D35A122E975A}"
EndProject
Project("{FAE04EC0-301F-11D3-BF4B-00C04F79EFBC}") = "RemoveFogPlugin", "Mods\RemoveFogPlugin\RemoveFogPlugin\RemoveFogPlugin.csproj", "{CBDDD151-CBE1-4717-AF60-EF55275CDCEC}"
EndProject
Project("{FAE04EC0-301F-11D3-BF4B-00C04F79EFBC}") = "RemoveDoFPlugin", "Mods\RemoveDoFPlugin\RemoveDoFPlugin\RemoveDoFPlugin.csproj", "{A7B3E30D-3E45-4BEE-A598-AC29807891EA}"
EndProject
Project("{FAE04EC0-301F-11D3-BF4B-00C04F79EFBC}") = "CameraToolsPlugin", "TalespireModding\Mods\CameraToolsPlugin\CameraToolsPlugin\CameraToolsPlugin.csproj", "{461CF153-4423-4BC2-B10D-0DB24D5B6E1D}"
EndProject
Project("{FAE04EC0-301F-11D3-BF4B-00C04F79EFBC}") = "ToggleCharacterNames", "TalespireModding\Mods\ToggleCharacterNames\ToggleCharacterNames.csproj", "{0FA94683-146E-4EAC-95A3-CCAF9933065D}"
EndProject
Project("{FAE04EC0-301F-11D3-BF4B-00C04F79EFBC}") = "ModdingUtils", "Utils\ModdingUtils\ModdingUtils.csproj", "{F3F01549-0EA7-4456-8A8F-94F35A3BCFB3}"
EndProject
Project("{FAE04EC0-301F-11D3-BF4B-00C04F79EFBC}") = "SocketAPI", "Mods\SocketAPI\SocketAPI.csproj", "{646E8517-BE93-4C20-A514-757858ADB5AE}"
EndProject
Project("{FAE04EC0-301F-11D3-BF4B-00C04F79EFBC}") = "SocketAPIGUI", "Mods\SocketAPI\GUI\SocketAPIGUI\SocketAPIGUI.csproj", "{58A2C3DA-3DD4-498E-8E82-C6425AD61B56}"
EndProject
Global
	GlobalSection(SolutionConfigurationPlatforms) = preSolution
		Debug|Any CPU = Debug|Any CPU
		Release|Any CPU = Release|Any CPU
	EndGlobalSection
	GlobalSection(ProjectConfigurationPlatforms) = postSolution
		{4E4DEB5E-97F9-4901-BF67-6748A9C1229A}.Debug|Any CPU.ActiveCfg = Debug|Any CPU
		{4E4DEB5E-97F9-4901-BF67-6748A9C1229A}.Debug|Any CPU.Build.0 = Debug|Any CPU
		{4E4DEB5E-97F9-4901-BF67-6748A9C1229A}.Release|Any CPU.ActiveCfg = Release|Any CPU
		{4E4DEB5E-97F9-4901-BF67-6748A9C1229A}.Release|Any CPU.Build.0 = Release|Any CPU
		{B1D07128-5C44-4003-B05F-D35A122E975A}.Debug|Any CPU.ActiveCfg = Debug|Any CPU
		{B1D07128-5C44-4003-B05F-D35A122E975A}.Debug|Any CPU.Build.0 = Debug|Any CPU
		{B1D07128-5C44-4003-B05F-D35A122E975A}.Release|Any CPU.ActiveCfg = Release|Any CPU
		{B1D07128-5C44-4003-B05F-D35A122E975A}.Release|Any CPU.Build.0 = Release|Any CPU
		{CBDDD151-CBE1-4717-AF60-EF55275CDCEC}.Debug|Any CPU.ActiveCfg = Debug|Any CPU
		{CBDDD151-CBE1-4717-AF60-EF55275CDCEC}.Debug|Any CPU.Build.0 = Debug|Any CPU
		{CBDDD151-CBE1-4717-AF60-EF55275CDCEC}.Release|Any CPU.ActiveCfg = Release|Any CPU
		{CBDDD151-CBE1-4717-AF60-EF55275CDCEC}.Release|Any CPU.Build.0 = Release|Any CPU
		{A7B3E30D-3E45-4BEE-A598-AC29807891EA}.Debug|Any CPU.ActiveCfg = Debug|Any CPU
		{A7B3E30D-3E45-4BEE-A598-AC29807891EA}.Debug|Any CPU.Build.0 = Debug|Any CPU
		{A7B3E30D-3E45-4BEE-A598-AC29807891EA}.Release|Any CPU.ActiveCfg = Release|Any CPU
		{A7B3E30D-3E45-4BEE-A598-AC29807891EA}.Release|Any CPU.Build.0 = Release|Any CPU
		{461CF153-4423-4BC2-B10D-0DB24D5B6E1D}.Debug|Any CPU.ActiveCfg = Debug|Any CPU
		{461CF153-4423-4BC2-B10D-0DB24D5B6E1D}.Debug|Any CPU.Build.0 = Debug|Any CPU
		{461CF153-4423-4BC2-B10D-0DB24D5B6E1D}.Release|Any CPU.ActiveCfg = Release|Any CPU
		{461CF153-4423-4BC2-B10D-0DB24D5B6E1D}.Release|Any CPU.Build.0 = Release|Any CPU
		{0FA94683-146E-4EAC-95A3-CCAF9933065D}.Debug|Any CPU.ActiveCfg = Debug|Any CPU
		{0FA94683-146E-4EAC-95A3-CCAF9933065D}.Debug|Any CPU.Build.0 = Debug|Any CPU
		{0FA94683-146E-4EAC-95A3-CCAF9933065D}.Release|Any CPU.ActiveCfg = Release|Any CPU
		{0FA94683-146E-4EAC-95A3-CCAF9933065D}.Release|Any CPU.Build.0 = Release|Any CPU
		{F3F01549-0EA7-4456-8A8F-94F35A3BCFB3}.Debug|Any CPU.ActiveCfg = Debug|Any CPU
		{F3F01549-0EA7-4456-8A8F-94F35A3BCFB3}.Debug|Any CPU.Build.0 = Debug|Any CPU
		{F3F01549-0EA7-4456-8A8F-94F35A3BCFB3}.Release|Any CPU.ActiveCfg = Release|Any CPU
		{F3F01549-0EA7-4456-8A8F-94F35A3BCFB3}.Release|Any CPU.Build.0 = Release|Any CPU
		{646E8517-BE93-4C20-A514-757858ADB5AE}.Debug|Any CPU.ActiveCfg = Debug|Any CPU
		{646E8517-BE93-4C20-A514-757858ADB5AE}.Debug|Any CPU.Build.0 = Debug|Any CPU
		{646E8517-BE93-4C20-A514-757858ADB5AE}.Release|Any CPU.ActiveCfg = Release|Any CPU
		{646E8517-BE93-4C20-A514-757858ADB5AE}.Release|Any CPU.Build.0 = Release|Any CPU
		{58A2C3DA-3DD4-498E-8E82-C6425AD61B56}.Debug|Any CPU.ActiveCfg = Debug|Any CPU
		{58A2C3DA-3DD4-498E-8E82-C6425AD61B56}.Debug|Any CPU.Build.0 = Debug|Any CPU
		{58A2C3DA-3DD4-498E-8E82-C6425AD61B56}.Release|Any CPU.ActiveCfg = Release|Any CPU
		{58A2C3DA-3DD4-498E-8E82-C6425AD61B56}.Release|Any CPU.Build.0 = Release|Any CPU
	EndGlobalSection
	GlobalSection(SolutionProperties) = preSolution
		HideSolutionNode = FALSE
	EndGlobalSection
	GlobalSection(ExtensibilityGlobals) = postSolution
		SolutionGuid = {C68F054D-FD13-4BB0-9989-7F1DAA44F6AD}
	EndGlobalSection
EndGlobal
