
Microsoft Visual Studio Solution File, Format Version 12.00
# Visual Studio Version 16
VisualStudioVersion = 16.0.30002.166
MinimumVisualStudioVersion = 10.0.40219.1
Project("{FAE04EC0-301F-11D3-BF4B-00C04F79EFBC}") = "PreviewAssetPlugin", "PreviewAssetPlugin\PreviewAssetPlugin.csproj", "{4E4DEB5E-97F9-4901-BF67-6748A9C1229A}"
EndProject
Project("{2150E333-8FDC-42A3-9474-1A3956D46DE8}") = "Solution Items", "Solution Items", "{EB49F8CA-F963-490B-AAA6-4F234118C490}"
EndProject
Project("{FAE04EC0-301F-11D3-BF4B-00C04F79EFBC}") = "ModdingUtils", "..\..\Utils\ModdingUtils\ModdingUtils.csproj", "{F3F01549-0EA7-4456-8A8F-94F35A3BCFB3}"
EndProject
Global
	GlobalSection(SolutionConfigurationPlatforms) = preSolution
		Debug|Any CPU = Debug|Any CPU
		Release|Any CPU = Release|Any CPU
	EndGlobalSection
	GlobalSection(ProjectConfigurationPlatforms) = postSolution
		{4E4DEB5E-97F9-4901-BF67-6748A9C1229A}.Debug|Any CPU.ActiveCfg = Debug|Any CPU
		{4E4DEB5E-97F9-4901-BF67-6748A9C1229A}.Debug|Any CPU.Build.0 = Debug|Any CPU
		{4E4DEB5E-97F9-4901-BF67-6748A9C1229A}.Release|Any CPU.ActiveCfg = Release|Any CPU
		{4E4DEB5E-97F9-4901-BF67-6748A9C1229A}.Release|Any CPU.Build.0 = Release|Any CPU
		{F3F01549-0EA7-4456-8A8F-94F35A3BCFB3}.Debug|Any CPU.ActiveCfg = Debug|Any CPU
		{F3F01549-0EA7-4456-8A8F-94F35A3BCFB3}.Debug|Any CPU.Build.0 = Debug|Any CPU
		{F3F01549-0EA7-4456-8A8F-94F35A3BCFB3}.Release|Any CPU.ActiveCfg = Release|Any CPU
		{F3F01549-0EA7-4456-8A8F-94F35A3BCFB3}.Release|Any CPU.Build.0 = Release|Any CPU
	EndGlobalSection
	GlobalSection(SolutionProperties) = preSolution
		HideSolutionNode = FALSE
	EndGlobalSection
	GlobalSection(ExtensibilityGlobals) = postSolution
		SolutionGuid = {C68F054D-FD13-4BB0-9989-7F1DAA44F6AD}
	EndGlobalSection
EndGlobal
